# This file is automatically @generated by Cargo.
# It is not intended for manual editing.
[[package]]
name = "helloworld"
version = "0.1.0"
dependencies = [
 "libw",
]

[[package]]
name = "libw"
version = "0.1.6"
source = "registry+https://github.com/rust-lang/crates.io-index"
checksum = "90ef968d0fb484172d273b77fbdfab8ce1488edf0c88e5dd8d0fd3e7447c1400"
dependencies = [
 "wasi",
]

[[package]]
name = "wasi"
version = "0.9.0+wasi-snapshot-preview1"
source = "registry+https://github.com/rust-lang/crates.io-index"
checksum = "cccddf32554fecc6acb585f82a32a72e28b48f8c4c1883ddfeeeaa96f7d8e519"
