# This file is automatically @generated by Cargo.
# It is not intended for manual editing.
[[package]]
name = "anystring"
version = "0.0.2"
source = "registry+https://github.com/rust-lang/crates.io-index"
checksum = "273fdc712cfa78d37e882d7ead8985d33a9f671460ea17754bfec15c20bc0fa3"
dependencies = [
 "anystring_macro",
 "proc-macro-hack",
]

[[package]]
name = "anystring_macro"
version = "0.0.1"
source = "registry+https://github.com/rust-lang/crates.io-index"
checksum = "017b7ab0dd69075acb48c5a697748033218fdc40f2f10d3ad2e52600075f2bd0"
dependencies = [
 "proc-macro-hack",
]

[[package]]
name = "cstring"
version = "0.0.4"
source = "registry+https://github.com/rust-lang/crates.io-index"
checksum = "f59de94c81f8ba8b78c997112fa1efdff7d52829e026ce2671bf6ad9b738a29f"
dependencies = [
 "cty",
 "memchr",
]

[[package]]
name = "cty"
version = "0.2.1"
source = "registry+https://github.com/rust-lang/crates.io-index"
checksum = "7313c0d620d0cb4dbd9d019e461a4beb501071ff46ec0ab933efb4daa76d73e3"

[[package]]
name = "js_ffi"
version = "0.6.8"
source = "registry+https://github.com/rust-lang/crates.io-index"
checksum = "45e84b977eb8aa2e3d6a3e6ddde05e54721a3cb251b3bfb7ed87439e7a584340"
dependencies = [
 "anystring",
 "cstring",
 "lazy_static",
 "spin",
]

[[package]]
name = "lazy_static"
version = "1.4.0"
source = "registry+https://github.com/rust-lang/crates.io-index"
checksum = "e2abad23fbc42b3700f2f279844dc832adb2b2eb069b2df918f455c4e18cc646"
dependencies = [
 "spin",
]

[[package]]
name = "memchr"
version = "2.3.3"
source = "registry+https://github.com/rust-lang/crates.io-index"
checksum = "3728d817d99e5ac407411fa471ff9800a778d88a24685968b36824eaf4bee400"

[[package]]
name = "proc-macro-hack"
version = "0.5.11"
source = "registry+https://github.com/rust-lang/crates.io-index"
checksum = "ecd45702f76d6d3c75a80564378ae228a85f0b59d2f3ed43c91b4a69eb2ebfc5"
dependencies = [
 "proc-macro2",
 "quote",
 "syn",
]

[[package]]
name = "proc-macro2"
version = "1.0.9"
source = "registry+https://github.com/rust-lang/crates.io-index"
checksum = "6c09721c6781493a2a492a96b5a5bf19b65917fe6728884e7c44dd0c60ca3435"
dependencies = [
 "unicode-xid",
]

[[package]]
name = "quote"
version = "1.0.3"
source = "registry+https://github.com/rust-lang/crates.io-index"
checksum = "2bdc6c187c65bca4260c9011c9e3132efe4909da44726bad24cf7572ae338d7f"
dependencies = [
 "proc-macro2",
]

[[package]]
name = "spin"
version = "0.5.2"
source = "registry+https://github.com/rust-lang/crates.io-index"
checksum = "6e63cff320ae2c57904679ba7cb63280a3dc4613885beafb148ee7bf9aa9042d"

[[package]]
name = "syn"
version = "1.0.16"
source = "registry+https://github.com/rust-lang/crates.io-index"
checksum = "123bd9499cfb380418d509322d7a6d52e5315f064fe4b3ad18a53d6b92c07859"
dependencies = [
 "proc-macro2",
 "quote",
 "unicode-xid",
]

[[package]]
name = "terminal"
version = "0.1.0"
dependencies = [
 "cstring",
 "js_ffi",
]

[[package]]
name = "unicode-xid"
version = "0.2.0"
source = "registry+https://github.com/rust-lang/crates.io-index"
checksum = "826e7639553986605ec5979c7dd957c7895e93eabed50ab2ffa7f6128a75097c"
